
Microsoft Visual Studio Solution File, Format Version 12.00
# Visual Studio Version 16
VisualStudioVersion = 16.0.30804.86
MinimumVisualStudioVersion = 10.0.40219.1
Project("{9A19103F-16F7-4668-BE54-9A1E7A4F7556}") = "Producer", "Producer\Producer.csproj", "{9BC8CFB5-8967-416F-B5F5-32D6F41FB05D}"
EndProject
Project("{FAE04EC0-301F-11D3-BF4B-00C04F79EFBC}") = "ConsumerHost", "ConsumerHost\ConsumerHost.csproj", "{3A479F32-61C3-4D6C-A137-9287C40B30E6}"
EndProject
Global
	GlobalSection(SolutionConfigurationPlatforms) = preSolution
		Debug|Any CPU = Debug|Any CPU
		Release|Any CPU = Release|Any CPU
	EndGlobalSection
	GlobalSection(ProjectConfigurationPlatforms) = postSolution
		{9BC8CFB5-8967-416F-B5F5-32D6F41FB05D}.Debug|Any CPU.ActiveCfg = Debug|Any CPU
		{9BC8CFB5-8967-416F-B5F5-32D6F41FB05D}.Debug|Any CPU.Build.0 = Debug|Any CPU
		{9BC8CFB5-8967-416F-B5F5-32D6F41FB05D}.Release|Any CPU.ActiveCfg = Release|Any CPU
		{9BC8CFB5-8967-416F-B5F5-32D6F41FB05D}.Release|Any CPU.Build.0 = Release|Any CPU
		{3A479F32-61C3-4D6C-A137-9287C40B30E6}.Debug|Any CPU.ActiveCfg = Debug|Any CPU
		{3A479F32-61C3-4D6C-A137-9287C40B30E6}.Debug|Any CPU.Build.0 = Debug|Any CPU
		{3A479F32-61C3-4D6C-A137-9287C40B30E6}.Release|Any CPU.ActiveCfg = Release|Any CPU
		{3A479F32-61C3-4D6C-A137-9287C40B30E6}.Release|Any CPU.Build.0 = Release|Any CPU
	EndGlobalSection
	GlobalSection(SolutionProperties) = preSolution
		HideSolutionNode = FALSE
	EndGlobalSection
	GlobalSection(ExtensibilityGlobals) = postSolution
		SolutionGuid = {2BD6D192-DB41-4354-A72A-536BFE779FD7}
	EndGlobalSection
EndGlobal
