
Microsoft Visual Studio Solution File, Format Version 12.00
# Visual Studio Version 16
VisualStudioVersion = 16.0.30804.86
MinimumVisualStudioVersion = 10.0.40219.1
Project("{9A19103F-16F7-4668-BE54-9A1E7A4F7556}") = "Cluster.TestApp", "Basic\Cluster.TestApp.csproj", "{CA1BBCC2-67CE-45DD-A948-2CEB7B5E7057}"
EndProject
Project("{E53339B2-1760-4266-BCC7-CA923CBCF16C}") = "docker-compose", "docker-compose.dcproj", "{27CF1DE1-74F6-41DC-99DD-D3F8131D2944}"
EndProject
Global
	GlobalSection(SolutionConfigurationPlatforms) = preSolution
		Debug|Any CPU = Debug|Any CPU
		Release|Any CPU = Release|Any CPU
	EndGlobalSection
	GlobalSection(ProjectConfigurationPlatforms) = postSolution
		{CA1BBCC2-67CE-45DD-A948-2CEB7B5E7057}.Debug|Any CPU.ActiveCfg = Debug|Any CPU
		{CA1BBCC2-67CE-45DD-A948-2CEB7B5E7057}.Debug|Any CPU.Build.0 = Debug|Any CPU
		{CA1BBCC2-67CE-45DD-A948-2CEB7B5E7057}.Release|Any CPU.ActiveCfg = Release|Any CPU
		{CA1BBCC2-67CE-45DD-A948-2CEB7B5E7057}.Release|Any CPU.Build.0 = Release|Any CPU
		{27CF1DE1-74F6-41DC-99DD-D3F8131D2944}.Debug|Any CPU.ActiveCfg = Debug|Any CPU
		{27CF1DE1-74F6-41DC-99DD-D3F8131D2944}.Debug|Any CPU.Build.0 = Debug|Any CPU
		{27CF1DE1-74F6-41DC-99DD-D3F8131D2944}.Release|Any CPU.ActiveCfg = Release|Any CPU
		{27CF1DE1-74F6-41DC-99DD-D3F8131D2944}.Release|Any CPU.Build.0 = Release|Any CPU
	EndGlobalSection
	GlobalSection(SolutionProperties) = preSolution
		HideSolutionNode = FALSE
	EndGlobalSection
	GlobalSection(ExtensibilityGlobals) = postSolution
		SolutionGuid = {2D93B88B-F702-435C-97E7-536432D3E82A}
	EndGlobalSection
EndGlobal
