
Microsoft Visual Studio Solution File, Format Version 12.00
# Visual Studio Version 16
VisualStudioVersion = 16.0.30804.86
MinimumVisualStudioVersion = 10.0.40219.1
Project("{FAE04EC0-301F-11D3-BF4B-00C04F79EFBC}") = "Producer", "Producer\Producer.csproj", "{A1ACD8C3-7D60-4D53-A91F-09A2665CD742}"
EndProject
Project("{FAE04EC0-301F-11D3-BF4B-00C04F79EFBC}") = "Consumer", "Consumer\Consumer.csproj", "{68AB02DE-AEBF-4668-A0A4-4CF230FCF843}"
EndProject
Global
	GlobalSection(SolutionConfigurationPlatforms) = preSolution
		Debug|Any CPU = Debug|Any CPU
		Release|Any CPU = Release|Any CPU
	EndGlobalSection
	GlobalSection(ProjectConfigurationPlatforms) = postSolution
		{A1ACD8C3-7D60-4D53-A91F-09A2665CD742}.Debug|Any CPU.ActiveCfg = Debug|Any CPU
		{A1ACD8C3-7D60-4D53-A91F-09A2665CD742}.Debug|Any CPU.Build.0 = Debug|Any CPU
		{A1ACD8C3-7D60-4D53-A91F-09A2665CD742}.Release|Any CPU.ActiveCfg = Release|Any CPU
		{A1ACD8C3-7D60-4D53-A91F-09A2665CD742}.Release|Any CPU.Build.0 = Release|Any CPU
		{68AB02DE-AEBF-4668-A0A4-4CF230FCF843}.Debug|Any CPU.ActiveCfg = Debug|Any CPU
		{68AB02DE-AEBF-4668-A0A4-4CF230FCF843}.Debug|Any CPU.Build.0 = Debug|Any CPU
		{68AB02DE-AEBF-4668-A0A4-4CF230FCF843}.Release|Any CPU.ActiveCfg = Release|Any CPU
		{68AB02DE-AEBF-4668-A0A4-4CF230FCF843}.Release|Any CPU.Build.0 = Release|Any CPU
	EndGlobalSection
	GlobalSection(SolutionProperties) = preSolution
		HideSolutionNode = FALSE
	EndGlobalSection
	GlobalSection(ExtensibilityGlobals) = postSolution
		SolutionGuid = {A8E72E97-6A9C-4D76-B0EB-11A413A1BAA7}
	EndGlobalSection
EndGlobal
